# This file is automatically @generated by Cargo.
# It is not intended for manual editing.
[[package]]
name = "i8583"
version = "0.1.0"
source = "registry+https://github.com/rust-lang/crates.io-index"
checksum = "0c773176939a48f5b58379dda0e144dd778dfc2a307047aedfef0906b9593877"

[[package]]
name = "middleware"
version = "0.1.0"
dependencies = [
 "i8583",
]
